
Microsoft Visual Studio Solution File, Format Version 12.00
# Visual Studio Version 16
VisualStudioVersion = 16.0.30114.105
MinimumVisualStudioVersion = 10.0.40219.1
Project("{FAE04EC0-301F-11D3-BF4B-00C04F79EFBC}") = "TestExam", "TestExam\TestExam.csproj", "{2F0DB41C-B929-4A22-B8AA-3ED906B6EA1D}"
EndProject
Global
	GlobalSection(SolutionConfigurationPlatforms) = preSolution
		Debug|Any CPU = Debug|Any CPU
		Release|Any CPU = Release|Any CPU
	EndGlobalSection
	GlobalSection(ProjectConfigurationPlatforms) = postSolution
		{2F0DB41C-B929-4A22-B8AA-3ED906B6EA1D}.Debug|Any CPU.ActiveCfg = Debug|Any CPU
		{2F0DB41C-B929-4A22-B8AA-3ED906B6EA1D}.Debug|Any CPU.Build.0 = Debug|Any CPU
		{2F0DB41C-B929-4A22-B8AA-3ED906B6EA1D}.Release|Any CPU.ActiveCfg = Release|Any CPU
		{2F0DB41C-B929-4A22-B8AA-3ED906B6EA1D}.Release|Any CPU.Build.0 = Release|Any CPU
	EndGlobalSection
	GlobalSection(SolutionProperties) = preSolution
		HideSolutionNode = FALSE
	EndGlobalSection
	GlobalSection(ExtensibilityGlobals) = postSolution
		SolutionGuid = {C88AC478-4EBF-49E2-8220-7E475D6152A5}
	EndGlobalSection
EndGlobal
